{
    "name": "gametests",
    "version": "0.0.1",
    "lockfileVersion": 2,
    "requires": true,
    "packages": {
        "": {
            "dependencies": {
                "polywasm": "^0.1.4"
            },
            "devDependencies": {
                "@minecraft/server": "1.14.0",
                "@minecraft/server-ui": "^1.3.0"
            }
        },
        "node_modules/@minecraft/common": {
            "version": "1.2.0",
            "resolved": "https://registry.npmjs.org/@minecraft/common/-/common-1.2.0.tgz",
            "integrity": "sha512-JdmEq4P3Z/FtoBzhLijFgMSVFnFRrUoLwY8DHHrgtFo0mfLTOLTB1RErYjLMsA6b7BGVNxkX/pfFRiH7QZ0XwQ==",
            "dev": true,
            "license": "MIT"
        },
        "node_modules/@minecraft/server": {
            "version": "1.14.0",
            "resolved": "https://registry.npmjs.org/@minecraft/server/-/server-1.14.0.tgz",
            "integrity": "sha512-4oOdkbjD7UBwRUtmPcYvMmyxtDGyUipM6X4h1LjjwrZ07078q8su8F4Almj/R2Qn+e573mLJzQyGUhgtu071ZQ==",
            "dev": true,
            "license": "MIT",
            "dependencies": {
                "@minecraft/common": "^1.1.0"
            }
        },
        "node_modules/@minecraft/server-ui": {
            "version": "1.3.0",
            "resolved": "https://registry.npmjs.org/@minecraft/server-ui/-/server-ui-1.3.0.tgz",
            "integrity": "sha512-Vgo7s+gxjHaNmm8lYTW+HL1JguyZggsn1UB86++eqV1KoRlLnqJH1wBJU2OIb1kQ6HXH0pnL206pxmRy7lmmjg==",
            "dev": true,
            "license": "MIT",
            "dependencies": {
                "@minecraft/common": "^1.0.0",
                "@minecraft/server": "^1.3.0"
            }
        },
        "node_modules/polywasm": {
            "version": "0.1.4",
            "resolved": "https://registry.npmjs.org/polywasm/-/polywasm-0.1.4.tgz",
            "integrity": "sha512-s+ugIqz8Wy5GGex0JiO6VXzAr+1SybzNSVxopKwDvtETGlNg5Wysa4njLo8f9Qczv7yBj9WZAmk4IM0vJXBusA==",
            "license": "MIT"
        }
    },
    "dependencies": {
        "@minecraft/common": {
            "version": "1.2.0",
            "resolved": "https://registry.npmjs.org/@minecraft/common/-/common-1.2.0.tgz",
            "integrity": "sha512-JdmEq4P3Z/FtoBzhLijFgMSVFnFRrUoLwY8DHHrgtFo0mfLTOLTB1RErYjLMsA6b7BGVNxkX/pfFRiH7QZ0XwQ==",
            "dev": true
        },
        "@minecraft/server": {
            "version": "1.14.0",
            "resolved": "https://registry.npmjs.org/@minecraft/server/-/server-1.14.0.tgz",
            "integrity": "sha512-4oOdkbjD7UBwRUtmPcYvMmyxtDGyUipM6X4h1LjjwrZ07078q8su8F4Almj/R2Qn+e573mLJzQyGUhgtu071ZQ==",
            "dev": true,
            "requires": {
                "@minecraft/common": "^1.1.0"
            }
        },
        "@minecraft/server-ui": {
            "version": "1.3.0",
            "resolved": "https://registry.npmjs.org/@minecraft/server-ui/-/server-ui-1.3.0.tgz",
            "integrity": "sha512-Vgo7s+gxjHaNmm8lYTW+HL1JguyZggsn1UB86++eqV1KoRlLnqJH1wBJU2OIb1kQ6HXH0pnL206pxmRy7lmmjg==",
            "dev": true,
            "requires": {
                "@minecraft/common": "^1.0.0",
                "@minecraft/server": "^1.3.0"
            }
        },
        "polywasm": {
            "version": "0.1.4",
            "resolved": "https://registry.npmjs.org/polywasm/-/polywasm-0.1.4.tgz",
            "integrity": "sha512-s+ugIqz8Wy5GGex0JiO6VXzAr+1SybzNSVxopKwDvtETGlNg5Wysa4njLo8f9Qczv7yBj9WZAmk4IM0vJXBusA=="
        }
    }
}
